
Microsoft Visual Studio Solution File, Format Version 12.00
# Visual Studio Version 17
VisualStudioVersion = 17.4.33205.214
MinimumVisualStudioVersion = 10.0.40219.1
Project("{9A19103F-16F7-4668-BE54-9A1E7A4F7556}") = "BlazorECommerce.Server", "BlazorECommerce\Server\BlazorECommerce.Server.csproj", "{A0254336-5DC2-478B-AC86-AC4874FBF399}"
EndProject
Project("{9A19103F-16F7-4668-BE54-9A1E7A4F7556}") = "BlazorECommerce.Client", "BlazorECommerce\Client\BlazorECommerce.Client.csproj", "{64580B97-7441-4E65-9656-77AF9B480C74}"
EndProject
Project("{9A19103F-16F7-4668-BE54-9A1E7A4F7556}") = "BlazorECommerce.Shared", "BlazorECommerce\Shared\BlazorECommerce.Shared.csproj", "{00F4B41C-3C81-4109-BA3B-9D217B8AFA3B}"
EndProject
Global
	GlobalSection(SolutionConfigurationPlatforms) = preSolution
		Debug|Any CPU = Debug|Any CPU
		Release|Any CPU = Release|Any CPU
	EndGlobalSection
	GlobalSection(ProjectConfigurationPlatforms) = postSolution
		{A0254336-5DC2-478B-AC86-AC4874FBF399}.Debug|Any CPU.ActiveCfg = Debug|Any CPU
		{A0254336-5DC2-478B-AC86-AC4874FBF399}.Debug|Any CPU.Build.0 = Debug|Any CPU
		{A0254336-5DC2-478B-AC86-AC4874FBF399}.Release|Any CPU.ActiveCfg = Release|Any CPU
		{A0254336-5DC2-478B-AC86-AC4874FBF399}.Release|Any CPU.Build.0 = Release|Any CPU
		{64580B97-7441-4E65-9656-77AF9B480C74}.Debug|Any CPU.ActiveCfg = Debug|Any CPU
		{64580B97-7441-4E65-9656-77AF9B480C74}.Debug|Any CPU.Build.0 = Debug|Any CPU
		{64580B97-7441-4E65-9656-77AF9B480C74}.Release|Any CPU.ActiveCfg = Release|Any CPU
		{64580B97-7441-4E65-9656-77AF9B480C74}.Release|Any CPU.Build.0 = Release|Any CPU
		{00F4B41C-3C81-4109-BA3B-9D217B8AFA3B}.Debug|Any CPU.ActiveCfg = Debug|Any CPU
		{00F4B41C-3C81-4109-BA3B-9D217B8AFA3B}.Debug|Any CPU.Build.0 = Debug|Any CPU
		{00F4B41C-3C81-4109-BA3B-9D217B8AFA3B}.Release|Any CPU.ActiveCfg = Release|Any CPU
		{00F4B41C-3C81-4109-BA3B-9D217B8AFA3B}.Release|Any CPU.Build.0 = Release|Any CPU
	EndGlobalSection
	GlobalSection(SolutionProperties) = preSolution
		HideSolutionNode = FALSE
	EndGlobalSection
	GlobalSection(ExtensibilityGlobals) = postSolution
		SolutionGuid = {75F554D6-2C52-4C67-8180-74D1E595AEDC}
	EndGlobalSection
EndGlobal
